
Microsoft Visual Studio Solution File, Format Version 12.00
# Visual Studio Version 16
VisualStudioVersion = 16.0.29424.173
MinimumVisualStudioVersion = 10.0.40219.1
Project("{FAE04EC0-301F-11D3-BF4B-00C04F79EFBC}") = "valuecoin-backend", "valuecoin-backend.csproj", "{A49566E0-A286-4FCF-87D7-5D0E580EFA42}"
EndProject
Global
	GlobalSection(SolutionConfigurationPlatforms) = preSolution
		Debug|Any CPU = Debug|Any CPU
		Release|Any CPU = Release|Any CPU
	EndGlobalSection
	GlobalSection(ProjectConfigurationPlatforms) = postSolution
		{A49566E0-A286-4FCF-87D7-5D0E580EFA42}.Debug|Any CPU.ActiveCfg = Debug|Any CPU
		{A49566E0-A286-4FCF-87D7-5D0E580EFA42}.Debug|Any CPU.Build.0 = Debug|Any CPU
		{A49566E0-A286-4FCF-87D7-5D0E580EFA42}.Release|Any CPU.ActiveCfg = Release|Any CPU
		{A49566E0-A286-4FCF-87D7-5D0E580EFA42}.Release|Any CPU.Build.0 = Release|Any CPU
	EndGlobalSection
	GlobalSection(SolutionProperties) = preSolution
		HideSolutionNode = FALSE
	EndGlobalSection
	GlobalSection(ExtensibilityGlobals) = postSolution
		SolutionGuid = {06F56D1D-BF4A-4723-B91F-D49A8F77A070}
	EndGlobalSection
EndGlobal
